<?xml version="1.0" encoding="utf-8"?>
<Project ToolsVersion="4.0" xmlns="http://schemas.microsoft.com/developer/msbuild/2003">
  <ItemGroup>
    <Filter Include="Исходные файлы">
      <UniqueIdentifier>{4FC737F1-C7A5-4376-A066-2A32D752A2FF}</UniqueIdentifier>
      <Extensions>cpp;c;cc;cxx;def;odl;idl;hpj;bat;asm;asmx</Extensions>
    </Filter>
    <Filter Include="Файлы заголовков">
      <UniqueIdentifier>{93995380-89BD-4b04-88EB-625FBE52EBFB}</UniqueIdentifier>
      <Extensions>h;hh;hpp;hxx;hm;inl;inc;ipp;xsd</Extensions>
    </Filter>
    <Filter Include="Файлы ресурсов">
      <UniqueIdentifier>{67DA6AB6-F800-4c08-8B7A-83BB121AAD01}</UniqueIdentifier>
      <Extensions>rc;ico;cur;bmp;dlg;rc2;rct;bin;rgs;gif;jpg;jpeg;jpe;resx;tiff;tif;png;wav;mfcribbon-ms</Extensions>
    </Filter>
    <Filter Include="Исходные файлы\scr">
      <UniqueIdentifier>{7ae1625b-64fe-440a-aed2-b2cf00670308}</UniqueIdentifier>
    </Filter>
    <Filter Include="Исходные файлы\scr\core">
      <UniqueIdentifier>{ba187982-ae22-4360-9a60-19e97da88000}</UniqueIdentifier>
    </Filter>
    <Filter Include="Файлы заголовков\Includes">
      <UniqueIdentifier>{81305096-ce8a-4787-8e10-b8ea281d0112}</UniqueIdentifier>
    </Filter>
    <Filter Include="Исходные файлы\States">
      <UniqueIdentifier>{a5cbd089-3adc-473e-9d31-7608896cb095}</UniqueIdentifier>
    </Filter>
  </ItemGroup>
  <ItemGroup>
    <ClCompile Include="main.cpp">
      <Filter>Исходные файлы</Filter>
    </ClCompile>
    <ClCompile Include="States\App.cpp">
      <Filter>Исходные файлы\States</Filter>
    </ClCompile>
    <ClCompile Include="scr\CWindow.cpp">
      <Filter>Исходные файлы\scr</Filter>
    </ClCompile>
  </ItemGroup>
  <ItemGroup>
    <ClInclude Include="Header.h">
      <Filter>Файлы заголовков</Filter>
    </ClInclude>
    <ClInclude Include="scr\CWindow.h">
      <Filter>Исходные файлы\scr</Filter>
    </ClInclude>
    <ClInclude Include="Includes\IBase.h">
      <Filter>Файлы заголовков\Includes</Filter>
    </ClInclude>
    <ClInclude Include="Includes\ICursor.h">
      <Filter>Файлы заголовков\Includes</Filter>
    </ClInclude>
    <ClInclude Include="Includes\includes.h">
      <Filter>Файлы заголовков\Includes</Filter>
    </ClInclude>
    <ClInclude Include="Includes\IWindow.h">
      <Filter>Файлы заголовков\Includes</Filter>
    </ClInclude>
    <ClInclude Include="Includes\Types.h">
      <Filter>Файлы заголовков\Includes</Filter>
    </ClInclude>
    <ClInclude Include="scr\core\dimension2d.h">
      <Filter>Исходные файлы\scr\core</Filter>
    </ClInclude>
    <ClInclude Include="scr\core\S3DVertex.h">
      <Filter>Исходные файлы\scr\core</Filter>
    </ClInclude>
    <ClInclude Include="scr\core\Vector3f.h">
      <Filter>Исходные файлы\scr\core</Filter>
    </ClInclude>
    <ClInclude Include="States\App.h">
      <Filter>Исходные файлы\States</Filter>
    </ClInclude>
    <ClInclude Include="scr\core\SColor.h">
      <Filter>Исходные файлы\scr\core</Filter>
    </ClInclude>
    <ClInclude Include="scr\core\Position2d.h">
      <Filter>Исходные файлы\scr\core</Filter>
    </ClInclude>
    <ClInclude Include="scr\core\Vector2f.h">
      <Filter>Исходные файлы\scr\core</Filter>
    </ClInclude>
    <ClInclude Include="Includes\Input.h">
      <Filter>Файлы заголовков\Includes</Filter>
    </ClInclude>
  </ItemGroup>
</Project>